
Microsoft Visual Studio Solution File, Format Version 12.00
# Visual Studio 2012
Project("{FAE04EC0-301F-11D3-BF4B-00C04F79EFBC}") = "TipCalc", "TipCalc\TipCalc.csproj", "{C63B09EE-06CC-45C0-A3A6-9D40AEFB8093}"
EndProject
Global
	GlobalSection(SolutionConfigurationPlatforms) = preSolution
		Debug|Any CPU = Debug|Any CPU
		Release|Any CPU = Release|Any CPU
	EndGlobalSection
	GlobalSection(ProjectConfigurationPlatforms) = postSolution
		{C63B09EE-06CC-45C0-A3A6-9D40AEFB8093}.Debug|Any CPU.ActiveCfg = Debug|Any CPU
		{C63B09EE-06CC-45C0-A3A6-9D40AEFB8093}.Debug|Any CPU.Build.0 = Debug|Any CPU
		{C63B09EE-06CC-45C0-A3A6-9D40AEFB8093}.Release|Any CPU.ActiveCfg = Release|Any CPU
		{C63B09EE-06CC-45C0-A3A6-9D40AEFB8093}.Release|Any CPU.Build.0 = Release|Any CPU
	EndGlobalSection
	GlobalSection(SolutionProperties) = preSolution
		HideSolutionNode = FALSE
	EndGlobalSection
EndGlobal
